
Microsoft Visual Studio Solution File, Format Version 12.00
# Visual Studio Version 16
VisualStudioVersion = 16.0.29215.179
MinimumVisualStudioVersion = 10.0.40219.1
Project("{FAE04EC0-301F-11D3-BF4B-00C04F79EFBC}") = "exercicioFixacao01", "exercicioFixacao01\exercicioFixacao01.csproj", "{35E42C4E-3467-48C5-9DFF-A00A80336958}"
EndProject
Global
	GlobalSection(SolutionConfigurationPlatforms) = preSolution
		Debug|Any CPU = Debug|Any CPU
		Release|Any CPU = Release|Any CPU
	EndGlobalSection
	GlobalSection(ProjectConfigurationPlatforms) = postSolution
		{35E42C4E-3467-48C5-9DFF-A00A80336958}.Debug|Any CPU.ActiveCfg = Debug|Any CPU
		{35E42C4E-3467-48C5-9DFF-A00A80336958}.Debug|Any CPU.Build.0 = Debug|Any CPU
		{35E42C4E-3467-48C5-9DFF-A00A80336958}.Release|Any CPU.ActiveCfg = Release|Any CPU
		{35E42C4E-3467-48C5-9DFF-A00A80336958}.Release|Any CPU.Build.0 = Release|Any CPU
	EndGlobalSection
	GlobalSection(SolutionProperties) = preSolution
		HideSolutionNode = FALSE
	EndGlobalSection
	GlobalSection(ExtensibilityGlobals) = postSolution
		SolutionGuid = {49BD3777-89CF-44CE-A567-DDFC62309851}
	EndGlobalSection
EndGlobal
